
Microsoft Visual Studio Solution File, Format Version 12.00
# Visual Studio Version 17
VisualStudioVersion = 17.7.34031.279
MinimumVisualStudioVersion = 10.0.40219.1
Project("{8BC9CEB8-8B4A-11D0-8D11-00A0C91BC942}") = "Laba5ci", "Laba5ci\Laba5ci.vcxproj", "{EF08BA94-8A72-4B55-8A11-555660CCF33D}"
EndProject
Global
	GlobalSection(SolutionConfigurationPlatforms) = preSolution
		Debug|x64 = Debug|x64
		Debug|x86 = Debug|x86
		Release|x64 = Release|x64
		Release|x86 = Release|x86
	EndGlobalSection
	GlobalSection(ProjectConfigurationPlatforms) = postSolution
		{EF08BA94-8A72-4B55-8A11-555660CCF33D}.Debug|x64.ActiveCfg = Debug|x64
		{EF08BA94-8A72-4B55-8A11-555660CCF33D}.Debug|x64.Build.0 = Debug|x64
		{EF08BA94-8A72-4B55-8A11-555660CCF33D}.Debug|x86.ActiveCfg = Debug|Win32
		{EF08BA94-8A72-4B55-8A11-555660CCF33D}.Debug|x86.Build.0 = Debug|Win32
		{EF08BA94-8A72-4B55-8A11-555660CCF33D}.Release|x64.ActiveCfg = Release|x64
		{EF08BA94-8A72-4B55-8A11-555660CCF33D}.Release|x64.Build.0 = Release|x64
		{EF08BA94-8A72-4B55-8A11-555660CCF33D}.Release|x86.ActiveCfg = Release|Win32
		{EF08BA94-8A72-4B55-8A11-555660CCF33D}.Release|x86.Build.0 = Release|Win32
	EndGlobalSection
	GlobalSection(SolutionProperties) = preSolution
		HideSolutionNode = FALSE
	EndGlobalSection
	GlobalSection(ExtensibilityGlobals) = postSolution
		SolutionGuid = {1C4A67E6-E14E-49E8-8660-A0454CF94D5A}
	EndGlobalSection
EndGlobal
